
Microsoft Visual Studio Solution File, Format Version 12.00
# Visual Studio Version 17
VisualStudioVersion = 17.12.35527.113
MinimumVisualStudioVersion = 10.0.40219.1
Project("{2150E333-8FDC-42A3-9474-1A3956D46DE8}") = "src", "src", "{4E21CB71-F6A2-4938-80B5-FDD8206EC389}"
EndProject
Project("{FAE04EC0-301F-11D3-BF4B-00C04F79EFBC}") = "Data", "Data\Data.csproj", "{D8FF1ED5-851A-435F-84E5-BED5D5E49A19}"
EndProject
Project("{FAE04EC0-301F-11D3-BF4B-00C04F79EFBC}") = "Services", "Services\Services.csproj", "{1382FAD1-B663-45E4-B74D-DFB384A679DB}"
EndProject
Project("{FAE04EC0-301F-11D3-BF4B-00C04F79EFBC}") = "Entities", "Entities\Entities.csproj", "{3C5E6AB1-68C5-4DC1-8E4E-05E0A37CFDA2}"
EndProject
Project("{FAE04EC0-301F-11D3-BF4B-00C04F79EFBC}") = "Common", "Common\Common.csproj", "{AD6C1FB4-D15B-4B2F-88C4-9BF0D6E8F14B}"
EndProject
Project("{FAE04EC0-301F-11D3-BF4B-00C04F79EFBC}") = "Webframework", "Webframework\Webframework.csproj", "{666A8DBB-F4EF-4FCB-8EAB-BA149BEAAA74}"
EndProject
Project("{FAE04EC0-301F-11D3-BF4B-00C04F79EFBC}") = "RiraTask.Console", "RiraTask.Console\RiraTask.Console.csproj", "{ECDA7052-0766-494A-BC8F-8A2A8FEDE2CF}"
EndProject
Project("{FAE04EC0-301F-11D3-BF4B-00C04F79EFBC}") = "RiraTask.WebApi", "RiraTask.WebApi\RiraTask.WebApi.csproj", "{387B5517-CBC6-4C5E-A386-E08AB8403157}"
EndProject
Project("{FAE04EC0-301F-11D3-BF4B-00C04F79EFBC}") = "RiraTask.WebApp", "WebApp\RiraTask.WebApp.csproj", "{13046E5A-3F42-4DCC-948F-934A714AA70E}"
EndProject
Project("{2150E333-8FDC-42A3-9474-1A3956D46DE8}") = "Presentation", "Presentation", "{91DC12A7-4E34-408C-AF6F-5B409885FE49}"
EndProject
Global
	GlobalSection(SolutionConfigurationPlatforms) = preSolution
		Debug|Any CPU = Debug|Any CPU
		Release|Any CPU = Release|Any CPU
	EndGlobalSection
	GlobalSection(ProjectConfigurationPlatforms) = postSolution
		{D8FF1ED5-851A-435F-84E5-BED5D5E49A19}.Debug|Any CPU.ActiveCfg = Debug|Any CPU
		{D8FF1ED5-851A-435F-84E5-BED5D5E49A19}.Debug|Any CPU.Build.0 = Debug|Any CPU
		{D8FF1ED5-851A-435F-84E5-BED5D5E49A19}.Release|Any CPU.ActiveCfg = Release|Any CPU
		{D8FF1ED5-851A-435F-84E5-BED5D5E49A19}.Release|Any CPU.Build.0 = Release|Any CPU
		{1382FAD1-B663-45E4-B74D-DFB384A679DB}.Debug|Any CPU.ActiveCfg = Debug|Any CPU
		{1382FAD1-B663-45E4-B74D-DFB384A679DB}.Debug|Any CPU.Build.0 = Debug|Any CPU
		{1382FAD1-B663-45E4-B74D-DFB384A679DB}.Release|Any CPU.ActiveCfg = Release|Any CPU
		{1382FAD1-B663-45E4-B74D-DFB384A679DB}.Release|Any CPU.Build.0 = Release|Any CPU
		{3C5E6AB1-68C5-4DC1-8E4E-05E0A37CFDA2}.Debug|Any CPU.ActiveCfg = Debug|Any CPU
		{3C5E6AB1-68C5-4DC1-8E4E-05E0A37CFDA2}.Debug|Any CPU.Build.0 = Debug|Any CPU
		{3C5E6AB1-68C5-4DC1-8E4E-05E0A37CFDA2}.Release|Any CPU.ActiveCfg = Release|Any CPU
		{3C5E6AB1-68C5-4DC1-8E4E-05E0A37CFDA2}.Release|Any CPU.Build.0 = Release|Any CPU
		{AD6C1FB4-D15B-4B2F-88C4-9BF0D6E8F14B}.Debug|Any CPU.ActiveCfg = Debug|Any CPU
		{AD6C1FB4-D15B-4B2F-88C4-9BF0D6E8F14B}.Debug|Any CPU.Build.0 = Debug|Any CPU
		{AD6C1FB4-D15B-4B2F-88C4-9BF0D6E8F14B}.Release|Any CPU.ActiveCfg = Release|Any CPU
		{AD6C1FB4-D15B-4B2F-88C4-9BF0D6E8F14B}.Release|Any CPU.Build.0 = Release|Any CPU
		{666A8DBB-F4EF-4FCB-8EAB-BA149BEAAA74}.Debug|Any CPU.ActiveCfg = Debug|Any CPU
		{666A8DBB-F4EF-4FCB-8EAB-BA149BEAAA74}.Debug|Any CPU.Build.0 = Debug|Any CPU
		{666A8DBB-F4EF-4FCB-8EAB-BA149BEAAA74}.Release|Any CPU.ActiveCfg = Release|Any CPU
		{666A8DBB-F4EF-4FCB-8EAB-BA149BEAAA74}.Release|Any CPU.Build.0 = Release|Any CPU
		{ECDA7052-0766-494A-BC8F-8A2A8FEDE2CF}.Debug|Any CPU.ActiveCfg = Debug|Any CPU
		{ECDA7052-0766-494A-BC8F-8A2A8FEDE2CF}.Debug|Any CPU.Build.0 = Debug|Any CPU
		{ECDA7052-0766-494A-BC8F-8A2A8FEDE2CF}.Release|Any CPU.ActiveCfg = Release|Any CPU
		{ECDA7052-0766-494A-BC8F-8A2A8FEDE2CF}.Release|Any CPU.Build.0 = Release|Any CPU
		{387B5517-CBC6-4C5E-A386-E08AB8403157}.Debug|Any CPU.ActiveCfg = Debug|Any CPU
		{387B5517-CBC6-4C5E-A386-E08AB8403157}.Debug|Any CPU.Build.0 = Debug|Any CPU
		{387B5517-CBC6-4C5E-A386-E08AB8403157}.Release|Any CPU.ActiveCfg = Release|Any CPU
		{387B5517-CBC6-4C5E-A386-E08AB8403157}.Release|Any CPU.Build.0 = Release|Any CPU
		{13046E5A-3F42-4DCC-948F-934A714AA70E}.Debug|Any CPU.ActiveCfg = Debug|Any CPU
		{13046E5A-3F42-4DCC-948F-934A714AA70E}.Debug|Any CPU.Build.0 = Debug|Any CPU
		{13046E5A-3F42-4DCC-948F-934A714AA70E}.Release|Any CPU.ActiveCfg = Release|Any CPU
		{13046E5A-3F42-4DCC-948F-934A714AA70E}.Release|Any CPU.Build.0 = Release|Any CPU
	EndGlobalSection
	GlobalSection(SolutionProperties) = preSolution
		HideSolutionNode = FALSE
	EndGlobalSection
	GlobalSection(NestedProjects) = preSolution
		{D8FF1ED5-851A-435F-84E5-BED5D5E49A19} = {4E21CB71-F6A2-4938-80B5-FDD8206EC389}
		{1382FAD1-B663-45E4-B74D-DFB384A679DB} = {4E21CB71-F6A2-4938-80B5-FDD8206EC389}
		{3C5E6AB1-68C5-4DC1-8E4E-05E0A37CFDA2} = {4E21CB71-F6A2-4938-80B5-FDD8206EC389}
		{AD6C1FB4-D15B-4B2F-88C4-9BF0D6E8F14B} = {4E21CB71-F6A2-4938-80B5-FDD8206EC389}
		{666A8DBB-F4EF-4FCB-8EAB-BA149BEAAA74} = {4E21CB71-F6A2-4938-80B5-FDD8206EC389}
		{ECDA7052-0766-494A-BC8F-8A2A8FEDE2CF} = {91DC12A7-4E34-408C-AF6F-5B409885FE49}
		{387B5517-CBC6-4C5E-A386-E08AB8403157} = {91DC12A7-4E34-408C-AF6F-5B409885FE49}
		{13046E5A-3F42-4DCC-948F-934A714AA70E} = {91DC12A7-4E34-408C-AF6F-5B409885FE49}
		{91DC12A7-4E34-408C-AF6F-5B409885FE49} = {4E21CB71-F6A2-4938-80B5-FDD8206EC389}
	EndGlobalSection
EndGlobal
